
Microsoft Visual Studio Solution File, Format Version 12.00
# Visual Studio Version 16
VisualStudioVersion = 16.0.29424.173
MinimumVisualStudioVersion = 10.0.40219.1
Project("{FAE04EC0-301F-11D3-BF4B-00C04F79EFBC}") = "Probel.Lanceur", "Probel.Lanceur\Probel.Lanceur.csproj", "{7A959F79-87A8-4865-8886-E2449014DB04}"
EndProject
Project("{FAE04EC0-301F-11D3-BF4B-00C04F79EFBC}") = "Probel.Lanceur.Core", "Probel.Lanceur.Core\Probel.Lanceur.Core.csproj", "{76716E34-6464-45E0-BCC6-21203AB79FD1}"
EndProject
Project("{2150E333-8FDC-42A3-9474-1A3956D46DE8}") = "Tests", "Tests", "{6E0CA4C6-427B-4A91-AFFE-9152AC5F21B7}"
EndProject
Project("{FAE04EC0-301F-11D3-BF4B-00C04F79EFBC}") = "Probel.Lanceur.UnitTest", "Tests\Probel.Lanceur.UnitTest\Probel.Lanceur.UnitTest.csproj", "{5674558A-3B64-4BBE-8DEB-4B6C8F96CE5D}"
EndProject
Project("{FAE04EC0-301F-11D3-BF4B-00C04F79EFBC}") = "Probel.Lanceur.SQLiteDb", "Probel.Lanceur.SQLiteDb\Probel.Lanceur.SQLiteDb.csproj", "{F19B7525-245C-464D-BED2-7675C5BF9462}"
EndProject
Project("{2150E333-8FDC-42A3-9474-1A3956D46DE8}") = "_Solution", "_Solution", "{86DC37E1-E6F7-4AAD-8CD7-08366F5C9964}"
	ProjectSection(SolutionItems) = preProject
		Version.cs = Version.cs
	EndProjectSection
EndProject
Project("{2150E333-8FDC-42A3-9474-1A3956D46DE8}") = "Plugins", "Plugins", "{06947A32-B6CF-404E-8380-3924263C959F}"
EndProject
Project("{FAE04EC0-301F-11D3-BF4B-00C04F79EFBC}") = "Probel.Lanceur.Plugin.Calculator", "Plugins\Probel.Lanceur.Plugin.Calculator\Probel.Lanceur.Plugin.Calculator.csproj", "{4D44ABE1-2B8C-4D92-AF2E-DF7BF68C4404}"
EndProject
Project("{FAE04EC0-301F-11D3-BF4B-00C04F79EFBC}") = "Probel.Lanceur.Plugin.Spotify", "Plugins\Probel.Lanceur.Plugin.Spotify\Probel.Lanceur.Plugin.Spotify.csproj", "{7590CBC3-EE4D-472F-8BD9-7B3583436F45}"
EndProject
Project("{FAE04EC0-301F-11D3-BF4B-00C04F79EFBC}") = "Probel.Lanceur.Infrastructure", "Probel.Lanceur.Infrastructure\Probel.Lanceur.Infrastructure.csproj", "{63FCDE3F-3D03-4075-90A4-4BF92996A32A}"
EndProject
Project("{9A19103F-16F7-4668-BE54-9A1E7A4F7556}") = "Probel.Lanceur.Plugin", "Probel.Lanceur.Plugin\Probel.Lanceur.Plugin.csproj", "{F4DB7268-DA54-4141-9567-AFBD6C5FE1AC}"
EndProject
Project("{FAE04EC0-301F-11D3-BF4B-00C04F79EFBC}") = "Probel.Lanceur.Plugin.Evernote", "Plugins\Probel.Lanceur.Plugin.Evernote\Probel.Lanceur.Plugin.Evernote.csproj", "{7019FCD7-9B23-4AE7-8A67-0EEDCCB47F13}"
EndProject
Project("{FAE04EC0-301F-11D3-BF4B-00C04F79EFBC}") = "Probel.Lanceur.Plugin.Clipboard", "Plugins\Probel.Lanceur.Plugin.Clipboard\Probel.Lanceur.Plugin.Clipboard.csproj", "{4B1B9EBE-6A7F-4CFF-B9FF-0C15A0DFE727}"
EndProject
Project("{FAE04EC0-301F-11D3-BF4B-00C04F79EFBC}") = "Probel.Lanceur.Repositories", "Probel.Lanceur.Repositories\Probel.Lanceur.Repositories.csproj", "{BF9795D4-075E-49F5-8852-FFA7A7A9B7E1}"
EndProject
Project("{2150E333-8FDC-42A3-9474-1A3956D46DE8}") = "Repositories", "Repositories", "{0281F987-E202-4A76-84A1-7C9E21D4E723}"
EndProject
Project("{FAE04EC0-301F-11D3-BF4B-00C04F79EFBC}") = "Probel.Lanceur.Repository.StartMenu", "Repositories\Probel.Lanceur.Repository.StartMenu\Probel.Lanceur.Repository.StartMenu.csproj", "{4EDA23AC-2B1F-482E-8EA1-8E8FFB24258E}"
EndProject
Global
	GlobalSection(SolutionConfigurationPlatforms) = preSolution
		Debug|Any CPU = Debug|Any CPU
		Debug|ARM = Debug|ARM
		Debug|ARM64 = Debug|ARM64
		Debug|x64 = Debug|x64
		Debug|x86 = Debug|x86
		Release|Any CPU = Release|Any CPU
		Release|ARM = Release|ARM
		Release|ARM64 = Release|ARM64
		Release|x64 = Release|x64
		Release|x86 = Release|x86
	EndGlobalSection
	GlobalSection(ProjectConfigurationPlatforms) = postSolution
		{7A959F79-87A8-4865-8886-E2449014DB04}.Debug|Any CPU.ActiveCfg = Debug|Any CPU
		{7A959F79-87A8-4865-8886-E2449014DB04}.Debug|Any CPU.Build.0 = Debug|Any CPU
		{7A959F79-87A8-4865-8886-E2449014DB04}.Debug|ARM.ActiveCfg = Debug|Any CPU
		{7A959F79-87A8-4865-8886-E2449014DB04}.Debug|ARM.Build.0 = Debug|Any CPU
		{7A959F79-87A8-4865-8886-E2449014DB04}.Debug|ARM64.ActiveCfg = Debug|Any CPU
		{7A959F79-87A8-4865-8886-E2449014DB04}.Debug|ARM64.Build.0 = Debug|Any CPU
		{7A959F79-87A8-4865-8886-E2449014DB04}.Debug|x64.ActiveCfg = Debug|Any CPU
		{7A959F79-87A8-4865-8886-E2449014DB04}.Debug|x64.Build.0 = Debug|Any CPU
		{7A959F79-87A8-4865-8886-E2449014DB04}.Debug|x86.ActiveCfg = Debug|Any CPU
		{7A959F79-87A8-4865-8886-E2449014DB04}.Debug|x86.Build.0 = Debug|Any CPU
		{7A959F79-87A8-4865-8886-E2449014DB04}.Release|Any CPU.ActiveCfg = Release|Any CPU
		{7A959F79-87A8-4865-8886-E2449014DB04}.Release|Any CPU.Build.0 = Release|Any CPU
		{7A959F79-87A8-4865-8886-E2449014DB04}.Release|ARM.ActiveCfg = Release|Any CPU
		{7A959F79-87A8-4865-8886-E2449014DB04}.Release|ARM.Build.0 = Release|Any CPU
		{7A959F79-87A8-4865-8886-E2449014DB04}.Release|ARM64.ActiveCfg = Release|Any CPU
		{7A959F79-87A8-4865-8886-E2449014DB04}.Release|ARM64.Build.0 = Release|Any CPU
		{7A959F79-87A8-4865-8886-E2449014DB04}.Release|x64.ActiveCfg = Release|Any CPU
		{7A959F79-87A8-4865-8886-E2449014DB04}.Release|x64.Build.0 = Release|Any CPU
		{7A959F79-87A8-4865-8886-E2449014DB04}.Release|x86.ActiveCfg = Release|Any CPU
		{7A959F79-87A8-4865-8886-E2449014DB04}.Release|x86.Build.0 = Release|Any CPU
		{76716E34-6464-45E0-BCC6-21203AB79FD1}.Debug|Any CPU.ActiveCfg = Debug|Any CPU
		{76716E34-6464-45E0-BCC6-21203AB79FD1}.Debug|Any CPU.Build.0 = Debug|Any CPU
		{76716E34-6464-45E0-BCC6-21203AB79FD1}.Debug|ARM.ActiveCfg = Debug|Any CPU
		{76716E34-6464-45E0-BCC6-21203AB79FD1}.Debug|ARM.Build.0 = Debug|Any CPU
		{76716E34-6464-45E0-BCC6-21203AB79FD1}.Debug|ARM64.ActiveCfg = Debug|Any CPU
		{76716E34-6464-45E0-BCC6-21203AB79FD1}.Debug|ARM64.Build.0 = Debug|Any CPU
		{76716E34-6464-45E0-BCC6-21203AB79FD1}.Debug|x64.ActiveCfg = Debug|Any CPU
		{76716E34-6464-45E0-BCC6-21203AB79FD1}.Debug|x64.Build.0 = Debug|Any CPU
		{76716E34-6464-45E0-BCC6-21203AB79FD1}.Debug|x86.ActiveCfg = Debug|Any CPU
		{76716E34-6464-45E0-BCC6-21203AB79FD1}.Debug|x86.Build.0 = Debug|Any CPU
		{76716E34-6464-45E0-BCC6-21203AB79FD1}.Release|Any CPU.ActiveCfg = Release|Any CPU
		{76716E34-6464-45E0-BCC6-21203AB79FD1}.Release|Any CPU.Build.0 = Release|Any CPU
		{76716E34-6464-45E0-BCC6-21203AB79FD1}.Release|ARM.ActiveCfg = Release|Any CPU
		{76716E34-6464-45E0-BCC6-21203AB79FD1}.Release|ARM.Build.0 = Release|Any CPU
		{76716E34-6464-45E0-BCC6-21203AB79FD1}.Release|ARM64.ActiveCfg = Release|Any CPU
		{76716E34-6464-45E0-BCC6-21203AB79FD1}.Release|ARM64.Build.0 = Release|Any CPU
		{76716E34-6464-45E0-BCC6-21203AB79FD1}.Release|x64.ActiveCfg = Release|Any CPU
		{76716E34-6464-45E0-BCC6-21203AB79FD1}.Release|x64.Build.0 = Release|Any CPU
		{76716E34-6464-45E0-BCC6-21203AB79FD1}.Release|x86.ActiveCfg = Release|Any CPU
		{76716E34-6464-45E0-BCC6-21203AB79FD1}.Release|x86.Build.0 = Release|Any CPU
		{5674558A-3B64-4BBE-8DEB-4B6C8F96CE5D}.Debug|Any CPU.ActiveCfg = Debug|Any CPU
		{5674558A-3B64-4BBE-8DEB-4B6C8F96CE5D}.Debug|Any CPU.Build.0 = Debug|Any CPU
		{5674558A-3B64-4BBE-8DEB-4B6C8F96CE5D}.Debug|ARM.ActiveCfg = Debug|Any CPU
		{5674558A-3B64-4BBE-8DEB-4B6C8F96CE5D}.Debug|ARM.Build.0 = Debug|Any CPU
		{5674558A-3B64-4BBE-8DEB-4B6C8F96CE5D}.Debug|ARM64.ActiveCfg = Debug|Any CPU
		{5674558A-3B64-4BBE-8DEB-4B6C8F96CE5D}.Debug|ARM64.Build.0 = Debug|Any CPU
		{5674558A-3B64-4BBE-8DEB-4B6C8F96CE5D}.Debug|x64.ActiveCfg = Debug|Any CPU
		{5674558A-3B64-4BBE-8DEB-4B6C8F96CE5D}.Debug|x64.Build.0 = Debug|Any CPU
		{5674558A-3B64-4BBE-8DEB-4B6C8F96CE5D}.Debug|x86.ActiveCfg = Debug|Any CPU
		{5674558A-3B64-4BBE-8DEB-4B6C8F96CE5D}.Debug|x86.Build.0 = Debug|Any CPU
		{5674558A-3B64-4BBE-8DEB-4B6C8F96CE5D}.Release|Any CPU.ActiveCfg = Release|Any CPU
		{5674558A-3B64-4BBE-8DEB-4B6C8F96CE5D}.Release|Any CPU.Build.0 = Release|Any CPU
		{5674558A-3B64-4BBE-8DEB-4B6C8F96CE5D}.Release|ARM.ActiveCfg = Release|Any CPU
		{5674558A-3B64-4BBE-8DEB-4B6C8F96CE5D}.Release|ARM.Build.0 = Release|Any CPU
		{5674558A-3B64-4BBE-8DEB-4B6C8F96CE5D}.Release|ARM64.ActiveCfg = Release|Any CPU
		{5674558A-3B64-4BBE-8DEB-4B6C8F96CE5D}.Release|ARM64.Build.0 = Release|Any CPU
		{5674558A-3B64-4BBE-8DEB-4B6C8F96CE5D}.Release|x64.ActiveCfg = Release|Any CPU
		{5674558A-3B64-4BBE-8DEB-4B6C8F96CE5D}.Release|x64.Build.0 = Release|Any CPU
		{5674558A-3B64-4BBE-8DEB-4B6C8F96CE5D}.Release|x86.ActiveCfg = Release|Any CPU
		{5674558A-3B64-4BBE-8DEB-4B6C8F96CE5D}.Release|x86.Build.0 = Release|Any CPU
		{F19B7525-245C-464D-BED2-7675C5BF9462}.Debug|Any CPU.ActiveCfg = Debug|Any CPU
		{F19B7525-245C-464D-BED2-7675C5BF9462}.Debug|Any CPU.Build.0 = Debug|Any CPU
		{F19B7525-245C-464D-BED2-7675C5BF9462}.Debug|ARM.ActiveCfg = Debug|Any CPU
		{F19B7525-245C-464D-BED2-7675C5BF9462}.Debug|ARM.Build.0 = Debug|Any CPU
		{F19B7525-245C-464D-BED2-7675C5BF9462}.Debug|ARM64.ActiveCfg = Debug|Any CPU
		{F19B7525-245C-464D-BED2-7675C5BF9462}.Debug|ARM64.Build.0 = Debug|Any CPU
		{F19B7525-245C-464D-BED2-7675C5BF9462}.Debug|x64.ActiveCfg = Debug|Any CPU
		{F19B7525-245C-464D-BED2-7675C5BF9462}.Debug|x64.Build.0 = Debug|Any CPU
		{F19B7525-245C-464D-BED2-7675C5BF9462}.Debug|x86.ActiveCfg = Debug|Any CPU
		{F19B7525-245C-464D-BED2-7675C5BF9462}.Debug|x86.Build.0 = Debug|Any CPU
		{F19B7525-245C-464D-BED2-7675C5BF9462}.Release|Any CPU.ActiveCfg = Release|Any CPU
		{F19B7525-245C-464D-BED2-7675C5BF9462}.Release|Any CPU.Build.0 = Release|Any CPU
		{F19B7525-245C-464D-BED2-7675C5BF9462}.Release|ARM.ActiveCfg = Release|Any CPU
		{F19B7525-245C-464D-BED2-7675C5BF9462}.Release|ARM.Build.0 = Release|Any CPU
		{F19B7525-245C-464D-BED2-7675C5BF9462}.Release|ARM64.ActiveCfg = Release|Any CPU
		{F19B7525-245C-464D-BED2-7675C5BF9462}.Release|ARM64.Build.0 = Release|Any CPU
		{F19B7525-245C-464D-BED2-7675C5BF9462}.Release|x64.ActiveCfg = Release|Any CPU
		{F19B7525-245C-464D-BED2-7675C5BF9462}.Release|x64.Build.0 = Release|Any CPU
		{F19B7525-245C-464D-BED2-7675C5BF9462}.Release|x86.ActiveCfg = Release|Any CPU
		{F19B7525-245C-464D-BED2-7675C5BF9462}.Release|x86.Build.0 = Release|Any CPU
		{4D44ABE1-2B8C-4D92-AF2E-DF7BF68C4404}.Debug|Any CPU.ActiveCfg = Debug|Any CPU
		{4D44ABE1-2B8C-4D92-AF2E-DF7BF68C4404}.Debug|Any CPU.Build.0 = Debug|Any CPU
		{4D44ABE1-2B8C-4D92-AF2E-DF7BF68C4404}.Debug|ARM.ActiveCfg = Debug|Any CPU
		{4D44ABE1-2B8C-4D92-AF2E-DF7BF68C4404}.Debug|ARM.Build.0 = Debug|Any CPU
		{4D44ABE1-2B8C-4D92-AF2E-DF7BF68C4404}.Debug|ARM64.ActiveCfg = Debug|Any CPU
		{4D44ABE1-2B8C-4D92-AF2E-DF7BF68C4404}.Debug|ARM64.Build.0 = Debug|Any CPU
		{4D44ABE1-2B8C-4D92-AF2E-DF7BF68C4404}.Debug|x64.ActiveCfg = Debug|Any CPU
		{4D44ABE1-2B8C-4D92-AF2E-DF7BF68C4404}.Debug|x64.Build.0 = Debug|Any CPU
		{4D44ABE1-2B8C-4D92-AF2E-DF7BF68C4404}.Debug|x86.ActiveCfg = Debug|Any CPU
		{4D44ABE1-2B8C-4D92-AF2E-DF7BF68C4404}.Debug|x86.Build.0 = Debug|Any CPU
		{4D44ABE1-2B8C-4D92-AF2E-DF7BF68C4404}.Release|Any CPU.ActiveCfg = Release|Any CPU
		{4D44ABE1-2B8C-4D92-AF2E-DF7BF68C4404}.Release|Any CPU.Build.0 = Release|Any CPU
		{4D44ABE1-2B8C-4D92-AF2E-DF7BF68C4404}.Release|ARM.ActiveCfg = Release|Any CPU
		{4D44ABE1-2B8C-4D92-AF2E-DF7BF68C4404}.Release|ARM.Build.0 = Release|Any CPU
		{4D44ABE1-2B8C-4D92-AF2E-DF7BF68C4404}.Release|ARM64.ActiveCfg = Release|Any CPU
		{4D44ABE1-2B8C-4D92-AF2E-DF7BF68C4404}.Release|ARM64.Build.0 = Release|Any CPU
		{4D44ABE1-2B8C-4D92-AF2E-DF7BF68C4404}.Release|x64.ActiveCfg = Release|Any CPU
		{4D44ABE1-2B8C-4D92-AF2E-DF7BF68C4404}.Release|x64.Build.0 = Release|Any CPU
		{4D44ABE1-2B8C-4D92-AF2E-DF7BF68C4404}.Release|x86.ActiveCfg = Release|Any CPU
		{4D44ABE1-2B8C-4D92-AF2E-DF7BF68C4404}.Release|x86.Build.0 = Release|Any CPU
		{7590CBC3-EE4D-472F-8BD9-7B3583436F45}.Debug|Any CPU.ActiveCfg = Debug|Any CPU
		{7590CBC3-EE4D-472F-8BD9-7B3583436F45}.Debug|Any CPU.Build.0 = Debug|Any CPU
		{7590CBC3-EE4D-472F-8BD9-7B3583436F45}.Debug|ARM.ActiveCfg = Debug|Any CPU
		{7590CBC3-EE4D-472F-8BD9-7B3583436F45}.Debug|ARM.Build.0 = Debug|Any CPU
		{7590CBC3-EE4D-472F-8BD9-7B3583436F45}.Debug|ARM64.ActiveCfg = Debug|Any CPU
		{7590CBC3-EE4D-472F-8BD9-7B3583436F45}.Debug|ARM64.Build.0 = Debug|Any CPU
		{7590CBC3-EE4D-472F-8BD9-7B3583436F45}.Debug|x64.ActiveCfg = Debug|Any CPU
		{7590CBC3-EE4D-472F-8BD9-7B3583436F45}.Debug|x64.Build.0 = Debug|Any CPU
		{7590CBC3-EE4D-472F-8BD9-7B3583436F45}.Debug|x86.ActiveCfg = Debug|Any CPU
		{7590CBC3-EE4D-472F-8BD9-7B3583436F45}.Debug|x86.Build.0 = Debug|Any CPU
		{7590CBC3-EE4D-472F-8BD9-7B3583436F45}.Release|Any CPU.ActiveCfg = Release|Any CPU
		{7590CBC3-EE4D-472F-8BD9-7B3583436F45}.Release|Any CPU.Build.0 = Release|Any CPU
		{7590CBC3-EE4D-472F-8BD9-7B3583436F45}.Release|ARM.ActiveCfg = Release|Any CPU
		{7590CBC3-EE4D-472F-8BD9-7B3583436F45}.Release|ARM.Build.0 = Release|Any CPU
		{7590CBC3-EE4D-472F-8BD9-7B3583436F45}.Release|ARM64.ActiveCfg = Release|Any CPU
		{7590CBC3-EE4D-472F-8BD9-7B3583436F45}.Release|ARM64.Build.0 = Release|Any CPU
		{7590CBC3-EE4D-472F-8BD9-7B3583436F45}.Release|x64.ActiveCfg = Release|Any CPU
		{7590CBC3-EE4D-472F-8BD9-7B3583436F45}.Release|x64.Build.0 = Release|Any CPU
		{7590CBC3-EE4D-472F-8BD9-7B3583436F45}.Release|x86.ActiveCfg = Release|Any CPU
		{7590CBC3-EE4D-472F-8BD9-7B3583436F45}.Release|x86.Build.0 = Release|Any CPU
		{63FCDE3F-3D03-4075-90A4-4BF92996A32A}.Debug|Any CPU.ActiveCfg = Debug|Any CPU
		{63FCDE3F-3D03-4075-90A4-4BF92996A32A}.Debug|Any CPU.Build.0 = Debug|Any CPU
		{63FCDE3F-3D03-4075-90A4-4BF92996A32A}.Debug|ARM.ActiveCfg = Debug|Any CPU
		{63FCDE3F-3D03-4075-90A4-4BF92996A32A}.Debug|ARM.Build.0 = Debug|Any CPU
		{63FCDE3F-3D03-4075-90A4-4BF92996A32A}.Debug|ARM64.ActiveCfg = Debug|Any CPU
		{63FCDE3F-3D03-4075-90A4-4BF92996A32A}.Debug|ARM64.Build.0 = Debug|Any CPU
		{63FCDE3F-3D03-4075-90A4-4BF92996A32A}.Debug|x64.ActiveCfg = Debug|Any CPU
		{63FCDE3F-3D03-4075-90A4-4BF92996A32A}.Debug|x64.Build.0 = Debug|Any CPU
		{63FCDE3F-3D03-4075-90A4-4BF92996A32A}.Debug|x86.ActiveCfg = Debug|Any CPU
		{63FCDE3F-3D03-4075-90A4-4BF92996A32A}.Debug|x86.Build.0 = Debug|Any CPU
		{63FCDE3F-3D03-4075-90A4-4BF92996A32A}.Release|Any CPU.ActiveCfg = Release|Any CPU
		{63FCDE3F-3D03-4075-90A4-4BF92996A32A}.Release|Any CPU.Build.0 = Release|Any CPU
		{63FCDE3F-3D03-4075-90A4-4BF92996A32A}.Release|ARM.ActiveCfg = Release|Any CPU
		{63FCDE3F-3D03-4075-90A4-4BF92996A32A}.Release|ARM.Build.0 = Release|Any CPU
		{63FCDE3F-3D03-4075-90A4-4BF92996A32A}.Release|ARM64.ActiveCfg = Release|Any CPU
		{63FCDE3F-3D03-4075-90A4-4BF92996A32A}.Release|ARM64.Build.0 = Release|Any CPU
		{63FCDE3F-3D03-4075-90A4-4BF92996A32A}.Release|x64.ActiveCfg = Release|Any CPU
		{63FCDE3F-3D03-4075-90A4-4BF92996A32A}.Release|x64.Build.0 = Release|Any CPU
		{63FCDE3F-3D03-4075-90A4-4BF92996A32A}.Release|x86.ActiveCfg = Release|Any CPU
		{63FCDE3F-3D03-4075-90A4-4BF92996A32A}.Release|x86.Build.0 = Release|Any CPU
		{F4DB7268-DA54-4141-9567-AFBD6C5FE1AC}.Debug|Any CPU.ActiveCfg = Debug|Any CPU
		{F4DB7268-DA54-4141-9567-AFBD6C5FE1AC}.Debug|Any CPU.Build.0 = Debug|Any CPU
		{F4DB7268-DA54-4141-9567-AFBD6C5FE1AC}.Debug|ARM.ActiveCfg = Debug|Any CPU
		{F4DB7268-DA54-4141-9567-AFBD6C5FE1AC}.Debug|ARM.Build.0 = Debug|Any CPU
		{F4DB7268-DA54-4141-9567-AFBD6C5FE1AC}.Debug|ARM64.ActiveCfg = Debug|Any CPU
		{F4DB7268-DA54-4141-9567-AFBD6C5FE1AC}.Debug|ARM64.Build.0 = Debug|Any CPU
		{F4DB7268-DA54-4141-9567-AFBD6C5FE1AC}.Debug|x64.ActiveCfg = Debug|Any CPU
		{F4DB7268-DA54-4141-9567-AFBD6C5FE1AC}.Debug|x64.Build.0 = Debug|Any CPU
		{F4DB7268-DA54-4141-9567-AFBD6C5FE1AC}.Debug|x86.ActiveCfg = Debug|Any CPU
		{F4DB7268-DA54-4141-9567-AFBD6C5FE1AC}.Debug|x86.Build.0 = Debug|Any CPU
		{F4DB7268-DA54-4141-9567-AFBD6C5FE1AC}.Release|Any CPU.ActiveCfg = Release|Any CPU
		{F4DB7268-DA54-4141-9567-AFBD6C5FE1AC}.Release|Any CPU.Build.0 = Release|Any CPU
		{F4DB7268-DA54-4141-9567-AFBD6C5FE1AC}.Release|ARM.ActiveCfg = Release|Any CPU
		{F4DB7268-DA54-4141-9567-AFBD6C5FE1AC}.Release|ARM.Build.0 = Release|Any CPU
		{F4DB7268-DA54-4141-9567-AFBD6C5FE1AC}.Release|ARM64.ActiveCfg = Release|Any CPU
		{F4DB7268-DA54-4141-9567-AFBD6C5FE1AC}.Release|ARM64.Build.0 = Release|Any CPU
		{F4DB7268-DA54-4141-9567-AFBD6C5FE1AC}.Release|x64.ActiveCfg = Release|Any CPU
		{F4DB7268-DA54-4141-9567-AFBD6C5FE1AC}.Release|x64.Build.0 = Release|Any CPU
		{F4DB7268-DA54-4141-9567-AFBD6C5FE1AC}.Release|x86.ActiveCfg = Release|Any CPU
		{F4DB7268-DA54-4141-9567-AFBD6C5FE1AC}.Release|x86.Build.0 = Release|Any CPU
		{7019FCD7-9B23-4AE7-8A67-0EEDCCB47F13}.Debug|Any CPU.ActiveCfg = Debug|Any CPU
		{7019FCD7-9B23-4AE7-8A67-0EEDCCB47F13}.Debug|Any CPU.Build.0 = Debug|Any CPU
		{7019FCD7-9B23-4AE7-8A67-0EEDCCB47F13}.Debug|ARM.ActiveCfg = Debug|Any CPU
		{7019FCD7-9B23-4AE7-8A67-0EEDCCB47F13}.Debug|ARM.Build.0 = Debug|Any CPU
		{7019FCD7-9B23-4AE7-8A67-0EEDCCB47F13}.Debug|ARM64.ActiveCfg = Debug|Any CPU
		{7019FCD7-9B23-4AE7-8A67-0EEDCCB47F13}.Debug|ARM64.Build.0 = Debug|Any CPU
		{7019FCD7-9B23-4AE7-8A67-0EEDCCB47F13}.Debug|x64.ActiveCfg = Debug|Any CPU
		{7019FCD7-9B23-4AE7-8A67-0EEDCCB47F13}.Debug|x64.Build.0 = Debug|Any CPU
		{7019FCD7-9B23-4AE7-8A67-0EEDCCB47F13}.Debug|x86.ActiveCfg = Debug|Any CPU
		{7019FCD7-9B23-4AE7-8A67-0EEDCCB47F13}.Debug|x86.Build.0 = Debug|Any CPU
		{7019FCD7-9B23-4AE7-8A67-0EEDCCB47F13}.Release|Any CPU.ActiveCfg = Release|Any CPU
		{7019FCD7-9B23-4AE7-8A67-0EEDCCB47F13}.Release|Any CPU.Build.0 = Release|Any CPU
		{7019FCD7-9B23-4AE7-8A67-0EEDCCB47F13}.Release|ARM.ActiveCfg = Release|Any CPU
		{7019FCD7-9B23-4AE7-8A67-0EEDCCB47F13}.Release|ARM.Build.0 = Release|Any CPU
		{7019FCD7-9B23-4AE7-8A67-0EEDCCB47F13}.Release|ARM64.ActiveCfg = Release|Any CPU
		{7019FCD7-9B23-4AE7-8A67-0EEDCCB47F13}.Release|ARM64.Build.0 = Release|Any CPU
		{7019FCD7-9B23-4AE7-8A67-0EEDCCB47F13}.Release|x64.ActiveCfg = Release|Any CPU
		{7019FCD7-9B23-4AE7-8A67-0EEDCCB47F13}.Release|x64.Build.0 = Release|Any CPU
		{7019FCD7-9B23-4AE7-8A67-0EEDCCB47F13}.Release|x86.ActiveCfg = Release|Any CPU
		{7019FCD7-9B23-4AE7-8A67-0EEDCCB47F13}.Release|x86.Build.0 = Release|Any CPU
		{4B1B9EBE-6A7F-4CFF-B9FF-0C15A0DFE727}.Debug|Any CPU.ActiveCfg = Debug|Any CPU
		{4B1B9EBE-6A7F-4CFF-B9FF-0C15A0DFE727}.Debug|Any CPU.Build.0 = Debug|Any CPU
		{4B1B9EBE-6A7F-4CFF-B9FF-0C15A0DFE727}.Debug|ARM.ActiveCfg = Debug|Any CPU
		{4B1B9EBE-6A7F-4CFF-B9FF-0C15A0DFE727}.Debug|ARM.Build.0 = Debug|Any CPU
		{4B1B9EBE-6A7F-4CFF-B9FF-0C15A0DFE727}.Debug|ARM64.ActiveCfg = Debug|Any CPU
		{4B1B9EBE-6A7F-4CFF-B9FF-0C15A0DFE727}.Debug|ARM64.Build.0 = Debug|Any CPU
		{4B1B9EBE-6A7F-4CFF-B9FF-0C15A0DFE727}.Debug|x64.ActiveCfg = Debug|Any CPU
		{4B1B9EBE-6A7F-4CFF-B9FF-0C15A0DFE727}.Debug|x64.Build.0 = Debug|Any CPU
		{4B1B9EBE-6A7F-4CFF-B9FF-0C15A0DFE727}.Debug|x86.ActiveCfg = Debug|Any CPU
		{4B1B9EBE-6A7F-4CFF-B9FF-0C15A0DFE727}.Debug|x86.Build.0 = Debug|Any CPU
		{4B1B9EBE-6A7F-4CFF-B9FF-0C15A0DFE727}.Release|Any CPU.ActiveCfg = Release|Any CPU
		{4B1B9EBE-6A7F-4CFF-B9FF-0C15A0DFE727}.Release|Any CPU.Build.0 = Release|Any CPU
		{4B1B9EBE-6A7F-4CFF-B9FF-0C15A0DFE727}.Release|ARM.ActiveCfg = Release|Any CPU
		{4B1B9EBE-6A7F-4CFF-B9FF-0C15A0DFE727}.Release|ARM.Build.0 = Release|Any CPU
		{4B1B9EBE-6A7F-4CFF-B9FF-0C15A0DFE727}.Release|ARM64.ActiveCfg = Release|Any CPU
		{4B1B9EBE-6A7F-4CFF-B9FF-0C15A0DFE727}.Release|ARM64.Build.0 = Release|Any CPU
		{4B1B9EBE-6A7F-4CFF-B9FF-0C15A0DFE727}.Release|x64.ActiveCfg = Release|Any CPU
		{4B1B9EBE-6A7F-4CFF-B9FF-0C15A0DFE727}.Release|x64.Build.0 = Release|Any CPU
		{4B1B9EBE-6A7F-4CFF-B9FF-0C15A0DFE727}.Release|x86.ActiveCfg = Release|Any CPU
		{4B1B9EBE-6A7F-4CFF-B9FF-0C15A0DFE727}.Release|x86.Build.0 = Release|Any CPU
		{BF9795D4-075E-49F5-8852-FFA7A7A9B7E1}.Debug|Any CPU.ActiveCfg = Debug|Any CPU
		{BF9795D4-075E-49F5-8852-FFA7A7A9B7E1}.Debug|Any CPU.Build.0 = Debug|Any CPU
		{BF9795D4-075E-49F5-8852-FFA7A7A9B7E1}.Debug|ARM.ActiveCfg = Debug|Any CPU
		{BF9795D4-075E-49F5-8852-FFA7A7A9B7E1}.Debug|ARM.Build.0 = Debug|Any CPU
		{BF9795D4-075E-49F5-8852-FFA7A7A9B7E1}.Debug|ARM64.ActiveCfg = Debug|Any CPU
		{BF9795D4-075E-49F5-8852-FFA7A7A9B7E1}.Debug|ARM64.Build.0 = Debug|Any CPU
		{BF9795D4-075E-49F5-8852-FFA7A7A9B7E1}.Debug|x64.ActiveCfg = Debug|Any CPU
		{BF9795D4-075E-49F5-8852-FFA7A7A9B7E1}.Debug|x64.Build.0 = Debug|Any CPU
		{BF9795D4-075E-49F5-8852-FFA7A7A9B7E1}.Debug|x86.ActiveCfg = Debug|Any CPU
		{BF9795D4-075E-49F5-8852-FFA7A7A9B7E1}.Debug|x86.Build.0 = Debug|Any CPU
		{BF9795D4-075E-49F5-8852-FFA7A7A9B7E1}.Release|Any CPU.ActiveCfg = Release|Any CPU
		{BF9795D4-075E-49F5-8852-FFA7A7A9B7E1}.Release|Any CPU.Build.0 = Release|Any CPU
		{BF9795D4-075E-49F5-8852-FFA7A7A9B7E1}.Release|ARM.ActiveCfg = Release|Any CPU
		{BF9795D4-075E-49F5-8852-FFA7A7A9B7E1}.Release|ARM.Build.0 = Release|Any CPU
		{BF9795D4-075E-49F5-8852-FFA7A7A9B7E1}.Release|ARM64.ActiveCfg = Release|Any CPU
		{BF9795D4-075E-49F5-8852-FFA7A7A9B7E1}.Release|ARM64.Build.0 = Release|Any CPU
		{BF9795D4-075E-49F5-8852-FFA7A7A9B7E1}.Release|x64.ActiveCfg = Release|Any CPU
		{BF9795D4-075E-49F5-8852-FFA7A7A9B7E1}.Release|x64.Build.0 = Release|Any CPU
		{BF9795D4-075E-49F5-8852-FFA7A7A9B7E1}.Release|x86.ActiveCfg = Release|Any CPU
		{BF9795D4-075E-49F5-8852-FFA7A7A9B7E1}.Release|x86.Build.0 = Release|Any CPU
		{4EDA23AC-2B1F-482E-8EA1-8E8FFB24258E}.Debug|Any CPU.ActiveCfg = Debug|Any CPU
		{4EDA23AC-2B1F-482E-8EA1-8E8FFB24258E}.Debug|Any CPU.Build.0 = Debug|Any CPU
		{4EDA23AC-2B1F-482E-8EA1-8E8FFB24258E}.Debug|ARM.ActiveCfg = Debug|Any CPU
		{4EDA23AC-2B1F-482E-8EA1-8E8FFB24258E}.Debug|ARM.Build.0 = Debug|Any CPU
		{4EDA23AC-2B1F-482E-8EA1-8E8FFB24258E}.Debug|ARM64.ActiveCfg = Debug|Any CPU
		{4EDA23AC-2B1F-482E-8EA1-8E8FFB24258E}.Debug|ARM64.Build.0 = Debug|Any CPU
		{4EDA23AC-2B1F-482E-8EA1-8E8FFB24258E}.Debug|x64.ActiveCfg = Debug|Any CPU
		{4EDA23AC-2B1F-482E-8EA1-8E8FFB24258E}.Debug|x64.Build.0 = Debug|Any CPU
		{4EDA23AC-2B1F-482E-8EA1-8E8FFB24258E}.Debug|x86.ActiveCfg = Debug|Any CPU
		{4EDA23AC-2B1F-482E-8EA1-8E8FFB24258E}.Debug|x86.Build.0 = Debug|Any CPU
		{4EDA23AC-2B1F-482E-8EA1-8E8FFB24258E}.Release|Any CPU.ActiveCfg = Release|Any CPU
		{4EDA23AC-2B1F-482E-8EA1-8E8FFB24258E}.Release|Any CPU.Build.0 = Release|Any CPU
		{4EDA23AC-2B1F-482E-8EA1-8E8FFB24258E}.Release|ARM.ActiveCfg = Release|Any CPU
		{4EDA23AC-2B1F-482E-8EA1-8E8FFB24258E}.Release|ARM.Build.0 = Release|Any CPU
		{4EDA23AC-2B1F-482E-8EA1-8E8FFB24258E}.Release|ARM64.ActiveCfg = Release|Any CPU
		{4EDA23AC-2B1F-482E-8EA1-8E8FFB24258E}.Release|ARM64.Build.0 = Release|Any CPU
		{4EDA23AC-2B1F-482E-8EA1-8E8FFB24258E}.Release|x64.ActiveCfg = Release|Any CPU
		{4EDA23AC-2B1F-482E-8EA1-8E8FFB24258E}.Release|x64.Build.0 = Release|Any CPU
		{4EDA23AC-2B1F-482E-8EA1-8E8FFB24258E}.Release|x86.ActiveCfg = Release|Any CPU
		{4EDA23AC-2B1F-482E-8EA1-8E8FFB24258E}.Release|x86.Build.0 = Release|Any CPU
	EndGlobalSection
	GlobalSection(SolutionProperties) = preSolution
		HideSolutionNode = FALSE
	EndGlobalSection
	GlobalSection(NestedProjects) = preSolution
		{5674558A-3B64-4BBE-8DEB-4B6C8F96CE5D} = {6E0CA4C6-427B-4A91-AFFE-9152AC5F21B7}
		{4D44ABE1-2B8C-4D92-AF2E-DF7BF68C4404} = {06947A32-B6CF-404E-8380-3924263C959F}
		{7590CBC3-EE4D-472F-8BD9-7B3583436F45} = {06947A32-B6CF-404E-8380-3924263C959F}
		{7019FCD7-9B23-4AE7-8A67-0EEDCCB47F13} = {06947A32-B6CF-404E-8380-3924263C959F}
		{4B1B9EBE-6A7F-4CFF-B9FF-0C15A0DFE727} = {06947A32-B6CF-404E-8380-3924263C959F}
		{4EDA23AC-2B1F-482E-8EA1-8E8FFB24258E} = {0281F987-E202-4A76-84A1-7C9E21D4E723}
	EndGlobalSection
	GlobalSection(ExtensibilityGlobals) = postSolution
		SolutionGuid = {FD2BBCC4-9BBC-4FED-899D-2F48EBE30685}
	EndGlobalSection
EndGlobal
