
Microsoft Visual Studio Solution File, Format Version 12.00
# Visual Studio Version 16
VisualStudioVersion = 16.0.29424.173
MinimumVisualStudioVersion = 10.0.40219.1
Project("{FAE04EC0-301F-11D3-BF4B-00C04F79EFBC}") = "Probel.Lanceur", "Probel.Lanceur\Probel.Lanceur.csproj", "{7A959F79-87A8-4865-8886-E2449014DB04}"
EndProject
Project("{FAE04EC0-301F-11D3-BF4B-00C04F79EFBC}") = "Probel.Lanceur.Core", "Probel.Lanceur.Core\Probel.Lanceur.Core.csproj", "{76716E34-6464-45E0-BCC6-21203AB79FD1}"
EndProject
Project("{FAE04EC0-301F-11D3-BF4B-00C04F79EFBC}") = "Probel.Lanceur.Infrastructure", "Probel.Lanceur.Infrastructure\Probel.Lanceur.Infrastructure.csproj", "{C6784CD2-3152-4F9B-87EB-F0BDAB2710B6}"
EndProject
Project("{2150E333-8FDC-42A3-9474-1A3956D46DE8}") = "Tests", "Tests", "{6E0CA4C6-427B-4A91-AFFE-9152AC5F21B7}"
EndProject
Project("{FAE04EC0-301F-11D3-BF4B-00C04F79EFBC}") = "Probel.Lanceur.UnitTest", "Tests\Probel.Lanceur.UnitTest\Probel.Lanceur.UnitTest.csproj", "{5674558A-3B64-4BBE-8DEB-4B6C8F96CE5D}"
EndProject
Project("{FAE04EC0-301F-11D3-BF4B-00C04F79EFBC}") = "Probel.Lanceur.SQLiteDb", "Probel.Lanceur.SQLiteDb\Probel.Lanceur.SQLiteDb.csproj", "{F19B7525-245C-464D-BED2-7675C5BF9462}"
EndProject
Project("{2150E333-8FDC-42A3-9474-1A3956D46DE8}") = "_Solution", "_Solution", "{86DC37E1-E6F7-4AAD-8CD7-08366F5C9964}"
	ProjectSection(SolutionItems) = preProject
		Version.cs = Version.cs
	EndProjectSection
EndProject
Global
	GlobalSection(SolutionConfigurationPlatforms) = preSolution
		Debug|Any CPU = Debug|Any CPU
		Debug|ARM = Debug|ARM
		Debug|ARM64 = Debug|ARM64
		Debug|x64 = Debug|x64
		Debug|x86 = Debug|x86
		Release|Any CPU = Release|Any CPU
		Release|ARM = Release|ARM
		Release|ARM64 = Release|ARM64
		Release|x64 = Release|x64
		Release|x86 = Release|x86
	EndGlobalSection
	GlobalSection(ProjectConfigurationPlatforms) = postSolution
		{7A959F79-87A8-4865-8886-E2449014DB04}.Debug|Any CPU.ActiveCfg = Debug|Any CPU
		{7A959F79-87A8-4865-8886-E2449014DB04}.Debug|Any CPU.Build.0 = Debug|Any CPU
		{7A959F79-87A8-4865-8886-E2449014DB04}.Debug|ARM.ActiveCfg = Debug|Any CPU
		{7A959F79-87A8-4865-8886-E2449014DB04}.Debug|ARM.Build.0 = Debug|Any CPU
		{7A959F79-87A8-4865-8886-E2449014DB04}.Debug|ARM64.ActiveCfg = Debug|Any CPU
		{7A959F79-87A8-4865-8886-E2449014DB04}.Debug|ARM64.Build.0 = Debug|Any CPU
		{7A959F79-87A8-4865-8886-E2449014DB04}.Debug|x64.ActiveCfg = Debug|Any CPU
		{7A959F79-87A8-4865-8886-E2449014DB04}.Debug|x64.Build.0 = Debug|Any CPU
		{7A959F79-87A8-4865-8886-E2449014DB04}.Debug|x86.ActiveCfg = Debug|Any CPU
		{7A959F79-87A8-4865-8886-E2449014DB04}.Debug|x86.Build.0 = Debug|Any CPU
		{7A959F79-87A8-4865-8886-E2449014DB04}.Release|Any CPU.ActiveCfg = Release|Any CPU
		{7A959F79-87A8-4865-8886-E2449014DB04}.Release|Any CPU.Build.0 = Release|Any CPU
		{7A959F79-87A8-4865-8886-E2449014DB04}.Release|ARM.ActiveCfg = Release|Any CPU
		{7A959F79-87A8-4865-8886-E2449014DB04}.Release|ARM.Build.0 = Release|Any CPU
		{7A959F79-87A8-4865-8886-E2449014DB04}.Release|ARM64.ActiveCfg = Release|Any CPU
		{7A959F79-87A8-4865-8886-E2449014DB04}.Release|ARM64.Build.0 = Release|Any CPU
		{7A959F79-87A8-4865-8886-E2449014DB04}.Release|x64.ActiveCfg = Release|Any CPU
		{7A959F79-87A8-4865-8886-E2449014DB04}.Release|x64.Build.0 = Release|Any CPU
		{7A959F79-87A8-4865-8886-E2449014DB04}.Release|x86.ActiveCfg = Release|Any CPU
		{7A959F79-87A8-4865-8886-E2449014DB04}.Release|x86.Build.0 = Release|Any CPU
		{76716E34-6464-45E0-BCC6-21203AB79FD1}.Debug|Any CPU.ActiveCfg = Debug|Any CPU
		{76716E34-6464-45E0-BCC6-21203AB79FD1}.Debug|Any CPU.Build.0 = Debug|Any CPU
		{76716E34-6464-45E0-BCC6-21203AB79FD1}.Debug|ARM.ActiveCfg = Debug|Any CPU
		{76716E34-6464-45E0-BCC6-21203AB79FD1}.Debug|ARM.Build.0 = Debug|Any CPU
		{76716E34-6464-45E0-BCC6-21203AB79FD1}.Debug|ARM64.ActiveCfg = Debug|Any CPU
		{76716E34-6464-45E0-BCC6-21203AB79FD1}.Debug|ARM64.Build.0 = Debug|Any CPU
		{76716E34-6464-45E0-BCC6-21203AB79FD1}.Debug|x64.ActiveCfg = Debug|Any CPU
		{76716E34-6464-45E0-BCC6-21203AB79FD1}.Debug|x64.Build.0 = Debug|Any CPU
		{76716E34-6464-45E0-BCC6-21203AB79FD1}.Debug|x86.ActiveCfg = Debug|Any CPU
		{76716E34-6464-45E0-BCC6-21203AB79FD1}.Debug|x86.Build.0 = Debug|Any CPU
		{76716E34-6464-45E0-BCC6-21203AB79FD1}.Release|Any CPU.ActiveCfg = Release|Any CPU
		{76716E34-6464-45E0-BCC6-21203AB79FD1}.Release|Any CPU.Build.0 = Release|Any CPU
		{76716E34-6464-45E0-BCC6-21203AB79FD1}.Release|ARM.ActiveCfg = Release|Any CPU
		{76716E34-6464-45E0-BCC6-21203AB79FD1}.Release|ARM.Build.0 = Release|Any CPU
		{76716E34-6464-45E0-BCC6-21203AB79FD1}.Release|ARM64.ActiveCfg = Release|Any CPU
		{76716E34-6464-45E0-BCC6-21203AB79FD1}.Release|ARM64.Build.0 = Release|Any CPU
		{76716E34-6464-45E0-BCC6-21203AB79FD1}.Release|x64.ActiveCfg = Release|Any CPU
		{76716E34-6464-45E0-BCC6-21203AB79FD1}.Release|x64.Build.0 = Release|Any CPU
		{76716E34-6464-45E0-BCC6-21203AB79FD1}.Release|x86.ActiveCfg = Release|Any CPU
		{76716E34-6464-45E0-BCC6-21203AB79FD1}.Release|x86.Build.0 = Release|Any CPU
		{C6784CD2-3152-4F9B-87EB-F0BDAB2710B6}.Debug|Any CPU.ActiveCfg = Debug|Any CPU
		{C6784CD2-3152-4F9B-87EB-F0BDAB2710B6}.Debug|Any CPU.Build.0 = Debug|Any CPU
		{C6784CD2-3152-4F9B-87EB-F0BDAB2710B6}.Debug|ARM.ActiveCfg = Debug|Any CPU
		{C6784CD2-3152-4F9B-87EB-F0BDAB2710B6}.Debug|ARM.Build.0 = Debug|Any CPU
		{C6784CD2-3152-4F9B-87EB-F0BDAB2710B6}.Debug|ARM64.ActiveCfg = Debug|Any CPU
		{C6784CD2-3152-4F9B-87EB-F0BDAB2710B6}.Debug|ARM64.Build.0 = Debug|Any CPU
		{C6784CD2-3152-4F9B-87EB-F0BDAB2710B6}.Debug|x64.ActiveCfg = Debug|Any CPU
		{C6784CD2-3152-4F9B-87EB-F0BDAB2710B6}.Debug|x64.Build.0 = Debug|Any CPU
		{C6784CD2-3152-4F9B-87EB-F0BDAB2710B6}.Debug|x86.ActiveCfg = Debug|Any CPU
		{C6784CD2-3152-4F9B-87EB-F0BDAB2710B6}.Debug|x86.Build.0 = Debug|Any CPU
		{C6784CD2-3152-4F9B-87EB-F0BDAB2710B6}.Release|Any CPU.ActiveCfg = Release|Any CPU
		{C6784CD2-3152-4F9B-87EB-F0BDAB2710B6}.Release|Any CPU.Build.0 = Release|Any CPU
		{C6784CD2-3152-4F9B-87EB-F0BDAB2710B6}.Release|ARM.ActiveCfg = Release|Any CPU
		{C6784CD2-3152-4F9B-87EB-F0BDAB2710B6}.Release|ARM.Build.0 = Release|Any CPU
		{C6784CD2-3152-4F9B-87EB-F0BDAB2710B6}.Release|ARM64.ActiveCfg = Release|Any CPU
		{C6784CD2-3152-4F9B-87EB-F0BDAB2710B6}.Release|ARM64.Build.0 = Release|Any CPU
		{C6784CD2-3152-4F9B-87EB-F0BDAB2710B6}.Release|x64.ActiveCfg = Release|Any CPU
		{C6784CD2-3152-4F9B-87EB-F0BDAB2710B6}.Release|x64.Build.0 = Release|Any CPU
		{C6784CD2-3152-4F9B-87EB-F0BDAB2710B6}.Release|x86.ActiveCfg = Release|Any CPU
		{C6784CD2-3152-4F9B-87EB-F0BDAB2710B6}.Release|x86.Build.0 = Release|Any CPU
		{5674558A-3B64-4BBE-8DEB-4B6C8F96CE5D}.Debug|Any CPU.ActiveCfg = Debug|Any CPU
		{5674558A-3B64-4BBE-8DEB-4B6C8F96CE5D}.Debug|Any CPU.Build.0 = Debug|Any CPU
		{5674558A-3B64-4BBE-8DEB-4B6C8F96CE5D}.Debug|ARM.ActiveCfg = Debug|Any CPU
		{5674558A-3B64-4BBE-8DEB-4B6C8F96CE5D}.Debug|ARM.Build.0 = Debug|Any CPU
		{5674558A-3B64-4BBE-8DEB-4B6C8F96CE5D}.Debug|ARM64.ActiveCfg = Debug|Any CPU
		{5674558A-3B64-4BBE-8DEB-4B6C8F96CE5D}.Debug|ARM64.Build.0 = Debug|Any CPU
		{5674558A-3B64-4BBE-8DEB-4B6C8F96CE5D}.Debug|x64.ActiveCfg = Debug|Any CPU
		{5674558A-3B64-4BBE-8DEB-4B6C8F96CE5D}.Debug|x64.Build.0 = Debug|Any CPU
		{5674558A-3B64-4BBE-8DEB-4B6C8F96CE5D}.Debug|x86.ActiveCfg = Debug|Any CPU
		{5674558A-3B64-4BBE-8DEB-4B6C8F96CE5D}.Debug|x86.Build.0 = Debug|Any CPU
		{5674558A-3B64-4BBE-8DEB-4B6C8F96CE5D}.Release|Any CPU.ActiveCfg = Release|Any CPU
		{5674558A-3B64-4BBE-8DEB-4B6C8F96CE5D}.Release|Any CPU.Build.0 = Release|Any CPU
		{5674558A-3B64-4BBE-8DEB-4B6C8F96CE5D}.Release|ARM.ActiveCfg = Release|Any CPU
		{5674558A-3B64-4BBE-8DEB-4B6C8F96CE5D}.Release|ARM.Build.0 = Release|Any CPU
		{5674558A-3B64-4BBE-8DEB-4B6C8F96CE5D}.Release|ARM64.ActiveCfg = Release|Any CPU
		{5674558A-3B64-4BBE-8DEB-4B6C8F96CE5D}.Release|ARM64.Build.0 = Release|Any CPU
		{5674558A-3B64-4BBE-8DEB-4B6C8F96CE5D}.Release|x64.ActiveCfg = Release|Any CPU
		{5674558A-3B64-4BBE-8DEB-4B6C8F96CE5D}.Release|x64.Build.0 = Release|Any CPU
		{5674558A-3B64-4BBE-8DEB-4B6C8F96CE5D}.Release|x86.ActiveCfg = Release|Any CPU
		{5674558A-3B64-4BBE-8DEB-4B6C8F96CE5D}.Release|x86.Build.0 = Release|Any CPU
		{F19B7525-245C-464D-BED2-7675C5BF9462}.Debug|Any CPU.ActiveCfg = Debug|Any CPU
		{F19B7525-245C-464D-BED2-7675C5BF9462}.Debug|Any CPU.Build.0 = Debug|Any CPU
		{F19B7525-245C-464D-BED2-7675C5BF9462}.Debug|ARM.ActiveCfg = Debug|Any CPU
		{F19B7525-245C-464D-BED2-7675C5BF9462}.Debug|ARM.Build.0 = Debug|Any CPU
		{F19B7525-245C-464D-BED2-7675C5BF9462}.Debug|ARM64.ActiveCfg = Debug|Any CPU
		{F19B7525-245C-464D-BED2-7675C5BF9462}.Debug|ARM64.Build.0 = Debug|Any CPU
		{F19B7525-245C-464D-BED2-7675C5BF9462}.Debug|x64.ActiveCfg = Debug|Any CPU
		{F19B7525-245C-464D-BED2-7675C5BF9462}.Debug|x64.Build.0 = Debug|Any CPU
		{F19B7525-245C-464D-BED2-7675C5BF9462}.Debug|x86.ActiveCfg = Debug|Any CPU
		{F19B7525-245C-464D-BED2-7675C5BF9462}.Debug|x86.Build.0 = Debug|Any CPU
		{F19B7525-245C-464D-BED2-7675C5BF9462}.Release|Any CPU.ActiveCfg = Release|Any CPU
		{F19B7525-245C-464D-BED2-7675C5BF9462}.Release|Any CPU.Build.0 = Release|Any CPU
		{F19B7525-245C-464D-BED2-7675C5BF9462}.Release|ARM.ActiveCfg = Release|Any CPU
		{F19B7525-245C-464D-BED2-7675C5BF9462}.Release|ARM.Build.0 = Release|Any CPU
		{F19B7525-245C-464D-BED2-7675C5BF9462}.Release|ARM64.ActiveCfg = Release|Any CPU
		{F19B7525-245C-464D-BED2-7675C5BF9462}.Release|ARM64.Build.0 = Release|Any CPU
		{F19B7525-245C-464D-BED2-7675C5BF9462}.Release|x64.ActiveCfg = Release|Any CPU
		{F19B7525-245C-464D-BED2-7675C5BF9462}.Release|x64.Build.0 = Release|Any CPU
		{F19B7525-245C-464D-BED2-7675C5BF9462}.Release|x86.ActiveCfg = Release|Any CPU
		{F19B7525-245C-464D-BED2-7675C5BF9462}.Release|x86.Build.0 = Release|Any CPU
	EndGlobalSection
	GlobalSection(SolutionProperties) = preSolution
		HideSolutionNode = FALSE
	EndGlobalSection
	GlobalSection(NestedProjects) = preSolution
		{5674558A-3B64-4BBE-8DEB-4B6C8F96CE5D} = {6E0CA4C6-427B-4A91-AFFE-9152AC5F21B7}
	EndGlobalSection
	GlobalSection(ExtensibilityGlobals) = postSolution
		SolutionGuid = {FD2BBCC4-9BBC-4FED-899D-2F48EBE30685}
	EndGlobalSection
EndGlobal
